
Microsoft Visual Studio Solution File, Format Version 12.00
# Visual Studio Version 17
VisualStudioVersion = 17.14.36202.13
MinimumVisualStudioVersion = 10.0.40219.1
Project("{2150E333-8FDC-42A3-9474-1A3956D46DE8}") = "src", "src", "{02EA681E-C7D8-13C7-8484-4AC65E1B71E8}"
EndProject
Project("{2150E333-8FDC-42A3-9474-1A3956D46DE8}") = "Shared", "Shared", "{3B26E556-0DC7-4129-ACBF-93FDD3BA3E3B}"
EndProject
Project("{FAE04EC0-301F-11D3-BF4B-00C04F79EFBC}") = "ECommerce.SharedLibrary", "src\Shared\ECommerce.SharedLibrary\ECommerce.SharedLibrary.csproj", "{08283BA1-2D89-4408-BED2-BF6F9F314657}"
EndProject
Project("{2150E333-8FDC-42A3-9474-1A3956D46DE8}") = "Services", "Services", "{E01DF7B1-79EA-4982-A633-11F5F14CD524}"
EndProject
Project("{2150E333-8FDC-42A3-9474-1A3956D46DE8}") = "Catalog", "Catalog", "{57F2D7C9-1762-4C76-AA25-3E22B7D03354}"
EndProject
Project("{FAE04EC0-301F-11D3-BF4B-00C04F79EFBC}") = "ECommerce.Catalog.Domain", "src\Services\Catalog\ECommerce.Catalog.Domain\ECommerce.Catalog.Domain.csproj", "{FCA09DE0-7A25-47AD-9C59-B26344CABF71}"
EndProject
Project("{FAE04EC0-301F-11D3-BF4B-00C04F79EFBC}") = "ECommerce.Catalog.Apllication", "src\Services\Catalog\ECommerce.Catalog.Apllication\ECommerce.Catalog.Apllication.csproj", "{3B098F02-011E-427B-AEEC-777E832E7BD0}"
EndProject
Project("{FAE04EC0-301F-11D3-BF4B-00C04F79EFBC}") = "ECommerce.Catalog.Infrastructure", "src\Services\Catalog\ECommerce.Catalog.Infrastructure\ECommerce.Catalog.Infrastructure.csproj", "{615FCA75-7C28-47F3-9E1B-F28A6D5DAFD6}"
EndProject
Project("{FAE04EC0-301F-11D3-BF4B-00C04F79EFBC}") = "ECommerce.Catalog.API", "src\Services\Catalog\ECommerce.Catalog.API\ECommerce.Catalog.API.csproj", "{D5D00C43-254C-4611-9461-0E338D67824A}"
EndProject
Project("{2150E333-8FDC-42A3-9474-1A3956D46DE8}") = "Basket", "Basket", "{2ED9AD68-DB4B-4E3F-95DB-CEDABDDFD073}"
EndProject
Project("{FAE04EC0-301F-11D3-BF4B-00C04F79EFBC}") = "ECommerce.Basket.API", "src\Services\Basket\ECommerce.Basket.API\ECommerce.Basket.API.csproj", "{6AE7A9B6-5738-47A1-BFAA-7CD0BBD32AB9}"
EndProject
Project("{FAE04EC0-301F-11D3-BF4B-00C04F79EFBC}") = "ECommerce.SharedEventBus", "src\Shared\ECommerce.SharedEventBus\ECommerce.SharedEventBus.csproj", "{5CD682E1-9820-4A6E-AA16-7A8118DAA603}"
EndProject
Project("{FAE04EC0-301F-11D3-BF4B-00C04F79EFBC}") = "ECommerce.Basket.Infrastructure", "src\Services\Basket\ECommerce.Basket.Infrastructure\ECommerce.Basket.Infrastructure.csproj", "{477EA99D-7DC6-4A75-B62A-F48B71BD525E}"
EndProject
Project("{2150E333-8FDC-42A3-9474-1A3956D46DE8}") = "Orders", "Orders", "{3A511EA5-D57D-42B0-AEAA-6FABEDBADA35}"
EndProject
Project("{FAE04EC0-301F-11D3-BF4B-00C04F79EFBC}") = "ECommerce.Order.API", "src\Services\Order\ECommerce.Order.API\ECommerce.Order.API.csproj", "{60D97769-8A90-4195-8C4A-6D4B8B884573}"
EndProject
Project("{FAE04EC0-301F-11D3-BF4B-00C04F79EFBC}") = "ECommerce.Order.Infrastructure", "src\Services\Order\ECommerce.Order.Infrastructure\ECommerce.Order.Infrastructure.csproj", "{453DB793-E512-471E-AA23-D6F1D93EEBE2}"
EndProject
Project("{2150E333-8FDC-42A3-9474-1A3956D46DE8}") = "Notes", "Notes", "{1DAF97DF-5565-43A5-A730-1627300EB78C}"
	ProjectSection(SolutionItems) = preProject
		EventFlow.txt = EventFlow.txt
		MessagingPatterns.txt = MessagingPatterns.txt
	EndProjectSection
EndProject
Global
	GlobalSection(SolutionConfigurationPlatforms) = preSolution
		Debug|Any CPU = Debug|Any CPU
		Release|Any CPU = Release|Any CPU
	EndGlobalSection
	GlobalSection(ProjectConfigurationPlatforms) = postSolution
		{08283BA1-2D89-4408-BED2-BF6F9F314657}.Debug|Any CPU.ActiveCfg = Debug|Any CPU
		{08283BA1-2D89-4408-BED2-BF6F9F314657}.Debug|Any CPU.Build.0 = Debug|Any CPU
		{08283BA1-2D89-4408-BED2-BF6F9F314657}.Release|Any CPU.ActiveCfg = Release|Any CPU
		{08283BA1-2D89-4408-BED2-BF6F9F314657}.Release|Any CPU.Build.0 = Release|Any CPU
		{FCA09DE0-7A25-47AD-9C59-B26344CABF71}.Debug|Any CPU.ActiveCfg = Debug|Any CPU
		{FCA09DE0-7A25-47AD-9C59-B26344CABF71}.Debug|Any CPU.Build.0 = Debug|Any CPU
		{FCA09DE0-7A25-47AD-9C59-B26344CABF71}.Release|Any CPU.ActiveCfg = Release|Any CPU
		{FCA09DE0-7A25-47AD-9C59-B26344CABF71}.Release|Any CPU.Build.0 = Release|Any CPU
		{3B098F02-011E-427B-AEEC-777E832E7BD0}.Debug|Any CPU.ActiveCfg = Debug|Any CPU
		{3B098F02-011E-427B-AEEC-777E832E7BD0}.Debug|Any CPU.Build.0 = Debug|Any CPU
		{3B098F02-011E-427B-AEEC-777E832E7BD0}.Release|Any CPU.ActiveCfg = Release|Any CPU
		{3B098F02-011E-427B-AEEC-777E832E7BD0}.Release|Any CPU.Build.0 = Release|Any CPU
		{615FCA75-7C28-47F3-9E1B-F28A6D5DAFD6}.Debug|Any CPU.ActiveCfg = Debug|Any CPU
		{615FCA75-7C28-47F3-9E1B-F28A6D5DAFD6}.Debug|Any CPU.Build.0 = Debug|Any CPU
		{615FCA75-7C28-47F3-9E1B-F28A6D5DAFD6}.Release|Any CPU.ActiveCfg = Release|Any CPU
		{615FCA75-7C28-47F3-9E1B-F28A6D5DAFD6}.Release|Any CPU.Build.0 = Release|Any CPU
		{D5D00C43-254C-4611-9461-0E338D67824A}.Debug|Any CPU.ActiveCfg = Debug|Any CPU
		{D5D00C43-254C-4611-9461-0E338D67824A}.Debug|Any CPU.Build.0 = Debug|Any CPU
		{D5D00C43-254C-4611-9461-0E338D67824A}.Release|Any CPU.ActiveCfg = Release|Any CPU
		{D5D00C43-254C-4611-9461-0E338D67824A}.Release|Any CPU.Build.0 = Release|Any CPU
		{6AE7A9B6-5738-47A1-BFAA-7CD0BBD32AB9}.Debug|Any CPU.ActiveCfg = Debug|Any CPU
		{6AE7A9B6-5738-47A1-BFAA-7CD0BBD32AB9}.Debug|Any CPU.Build.0 = Debug|Any CPU
		{6AE7A9B6-5738-47A1-BFAA-7CD0BBD32AB9}.Release|Any CPU.ActiveCfg = Release|Any CPU
		{6AE7A9B6-5738-47A1-BFAA-7CD0BBD32AB9}.Release|Any CPU.Build.0 = Release|Any CPU
		{5CD682E1-9820-4A6E-AA16-7A8118DAA603}.Debug|Any CPU.ActiveCfg = Debug|Any CPU
		{5CD682E1-9820-4A6E-AA16-7A8118DAA603}.Debug|Any CPU.Build.0 = Debug|Any CPU
		{5CD682E1-9820-4A6E-AA16-7A8118DAA603}.Release|Any CPU.ActiveCfg = Release|Any CPU
		{5CD682E1-9820-4A6E-AA16-7A8118DAA603}.Release|Any CPU.Build.0 = Release|Any CPU
		{477EA99D-7DC6-4A75-B62A-F48B71BD525E}.Debug|Any CPU.ActiveCfg = Debug|Any CPU
		{477EA99D-7DC6-4A75-B62A-F48B71BD525E}.Debug|Any CPU.Build.0 = Debug|Any CPU
		{477EA99D-7DC6-4A75-B62A-F48B71BD525E}.Release|Any CPU.ActiveCfg = Release|Any CPU
		{477EA99D-7DC6-4A75-B62A-F48B71BD525E}.Release|Any CPU.Build.0 = Release|Any CPU
		{60D97769-8A90-4195-8C4A-6D4B8B884573}.Debug|Any CPU.ActiveCfg = Debug|Any CPU
		{60D97769-8A90-4195-8C4A-6D4B8B884573}.Debug|Any CPU.Build.0 = Debug|Any CPU
		{60D97769-8A90-4195-8C4A-6D4B8B884573}.Release|Any CPU.ActiveCfg = Release|Any CPU
		{60D97769-8A90-4195-8C4A-6D4B8B884573}.Release|Any CPU.Build.0 = Release|Any CPU
		{453DB793-E512-471E-AA23-D6F1D93EEBE2}.Debug|Any CPU.ActiveCfg = Debug|Any CPU
		{453DB793-E512-471E-AA23-D6F1D93EEBE2}.Debug|Any CPU.Build.0 = Debug|Any CPU
		{453DB793-E512-471E-AA23-D6F1D93EEBE2}.Release|Any CPU.ActiveCfg = Release|Any CPU
		{453DB793-E512-471E-AA23-D6F1D93EEBE2}.Release|Any CPU.Build.0 = Release|Any CPU
	EndGlobalSection
	GlobalSection(SolutionProperties) = preSolution
		HideSolutionNode = FALSE
	EndGlobalSection
	GlobalSection(NestedProjects) = preSolution
		{3B26E556-0DC7-4129-ACBF-93FDD3BA3E3B} = {02EA681E-C7D8-13C7-8484-4AC65E1B71E8}
		{08283BA1-2D89-4408-BED2-BF6F9F314657} = {3B26E556-0DC7-4129-ACBF-93FDD3BA3E3B}
		{E01DF7B1-79EA-4982-A633-11F5F14CD524} = {02EA681E-C7D8-13C7-8484-4AC65E1B71E8}
		{57F2D7C9-1762-4C76-AA25-3E22B7D03354} = {E01DF7B1-79EA-4982-A633-11F5F14CD524}
		{FCA09DE0-7A25-47AD-9C59-B26344CABF71} = {57F2D7C9-1762-4C76-AA25-3E22B7D03354}
		{3B098F02-011E-427B-AEEC-777E832E7BD0} = {57F2D7C9-1762-4C76-AA25-3E22B7D03354}
		{615FCA75-7C28-47F3-9E1B-F28A6D5DAFD6} = {57F2D7C9-1762-4C76-AA25-3E22B7D03354}
		{D5D00C43-254C-4611-9461-0E338D67824A} = {57F2D7C9-1762-4C76-AA25-3E22B7D03354}
		{2ED9AD68-DB4B-4E3F-95DB-CEDABDDFD073} = {E01DF7B1-79EA-4982-A633-11F5F14CD524}
		{6AE7A9B6-5738-47A1-BFAA-7CD0BBD32AB9} = {2ED9AD68-DB4B-4E3F-95DB-CEDABDDFD073}
		{5CD682E1-9820-4A6E-AA16-7A8118DAA603} = {3B26E556-0DC7-4129-ACBF-93FDD3BA3E3B}
		{477EA99D-7DC6-4A75-B62A-F48B71BD525E} = {2ED9AD68-DB4B-4E3F-95DB-CEDABDDFD073}
		{3A511EA5-D57D-42B0-AEAA-6FABEDBADA35} = {E01DF7B1-79EA-4982-A633-11F5F14CD524}
		{60D97769-8A90-4195-8C4A-6D4B8B884573} = {3A511EA5-D57D-42B0-AEAA-6FABEDBADA35}
		{453DB793-E512-471E-AA23-D6F1D93EEBE2} = {3A511EA5-D57D-42B0-AEAA-6FABEDBADA35}
		{1DAF97DF-5565-43A5-A730-1627300EB78C} = {02EA681E-C7D8-13C7-8484-4AC65E1B71E8}
	EndGlobalSection
	GlobalSection(ExtensibilityGlobals) = postSolution
		SolutionGuid = {15C74EFF-2940-46FB-ADCC-3E54ECF31459}
	EndGlobalSection
EndGlobal
